
Microsoft Visual Studio Solution File, Format Version 12.00
# Visual Studio 15
VisualStudioVersion = 15.0.26730.16
MinimumVisualStudioVersion = 10.0.40219.1
Project("{FAE04EC0-301F-11D3-BF4B-00C04F79EFBC}") = "JJDev.VDrive.Core", "JJDev.VDrive.Core\JJDev.VDrive.Core.csproj", "{FA48D15A-B496-4825-929E-B7F388E92278}"
EndProject
Project("{FAE04EC0-301F-11D3-BF4B-00C04F79EFBC}") = "JJDev.VDrive.Tests", "JJDev.VDrive.Tests\JJDev.VDrive.Tests.csproj", "{826B2749-75F1-4E25-BDFB-A4BA56C6236E}"
EndProject
Project("{FAE04EC0-301F-11D3-BF4B-00C04F79EFBC}") = "JJDev.VDrive.Desktop", "JJDev.VDrive.Desktop\JJDev.VDrive.Desktop.csproj", "{A3A4A4D1-34E1-4FE3-9854-B9EF22E2D6B5}"
EndProject
Global
	GlobalSection(SolutionConfigurationPlatforms) = preSolution
		Debug|Any CPU = Debug|Any CPU
		Release|Any CPU = Release|Any CPU
	EndGlobalSection
	GlobalSection(ProjectConfigurationPlatforms) = postSolution
		{FA48D15A-B496-4825-929E-B7F388E92278}.Debug|Any CPU.ActiveCfg = Debug|Any CPU
		{FA48D15A-B496-4825-929E-B7F388E92278}.Debug|Any CPU.Build.0 = Debug|Any CPU
		{FA48D15A-B496-4825-929E-B7F388E92278}.Release|Any CPU.ActiveCfg = Release|Any CPU
		{FA48D15A-B496-4825-929E-B7F388E92278}.Release|Any CPU.Build.0 = Release|Any CPU
		{826B2749-75F1-4E25-BDFB-A4BA56C6236E}.Debug|Any CPU.ActiveCfg = Debug|Any CPU
		{826B2749-75F1-4E25-BDFB-A4BA56C6236E}.Debug|Any CPU.Build.0 = Debug|Any CPU
		{826B2749-75F1-4E25-BDFB-A4BA56C6236E}.Release|Any CPU.ActiveCfg = Release|Any CPU
		{826B2749-75F1-4E25-BDFB-A4BA56C6236E}.Release|Any CPU.Build.0 = Release|Any CPU
		{A3A4A4D1-34E1-4FE3-9854-B9EF22E2D6B5}.Debug|Any CPU.ActiveCfg = Debug|Any CPU
		{A3A4A4D1-34E1-4FE3-9854-B9EF22E2D6B5}.Debug|Any CPU.Build.0 = Debug|Any CPU
		{A3A4A4D1-34E1-4FE3-9854-B9EF22E2D6B5}.Release|Any CPU.ActiveCfg = Release|Any CPU
		{A3A4A4D1-34E1-4FE3-9854-B9EF22E2D6B5}.Release|Any CPU.Build.0 = Release|Any CPU
	EndGlobalSection
	GlobalSection(SolutionProperties) = preSolution
		HideSolutionNode = FALSE
	EndGlobalSection
	GlobalSection(ExtensibilityGlobals) = postSolution
		SolutionGuid = {06C6E321-00AC-41CB-BB9F-B263CFFE8209}
	EndGlobalSection
EndGlobal
